
Microsoft Visual Studio Solution File, Format Version 12.00
# Visual Studio Version 17
VisualStudioVersion = 17.1.32228.430
MinimumVisualStudioVersion = 10.0.40219.1
Project("{9A19103F-16F7-4668-BE54-9A1E7A4F7556}") = "FileExporter", "FileExporter\FileExporter.csproj", "{415D6252-2FA6-4353-82ED-2629775B88D9}"
EndProject
Project("{9A19103F-16F7-4668-BE54-9A1E7A4F7556}") = "ContractTracker.Repository", "ContractTracker.Repository\ContractTracker.Repository.csproj", "{3191137C-A607-4AF3-B0BC-85D9AD64D2E6}"
EndProject
Project("{9A19103F-16F7-4668-BE54-9A1E7A4F7556}") = "FileExporter.Tests", "FileExporter.Tests\FileExporter.Tests.csproj", "{9CAD99BE-F8DE-4CCC-8FB0-57459007227A}"
EndProject
Project("{2150E333-8FDC-42A3-9474-1A3956D46DE8}") = "Solution Items", "Solution Items", "{C1718E85-2D5E-4420-9452-09612582197B}"
	ProjectSection(SolutionItems) = preProject
		README.md = README.md
		TODO.md = TODO.md
	EndProjectSection
EndProject
Global
	GlobalSection(SolutionConfigurationPlatforms) = preSolution
		Debug|Any CPU = Debug|Any CPU
		Release|Any CPU = Release|Any CPU
	EndGlobalSection
	GlobalSection(ProjectConfigurationPlatforms) = postSolution
		{415D6252-2FA6-4353-82ED-2629775B88D9}.Debug|Any CPU.ActiveCfg = Debug|Any CPU
		{415D6252-2FA6-4353-82ED-2629775B88D9}.Debug|Any CPU.Build.0 = Debug|Any CPU
		{415D6252-2FA6-4353-82ED-2629775B88D9}.Release|Any CPU.ActiveCfg = Release|Any CPU
		{415D6252-2FA6-4353-82ED-2629775B88D9}.Release|Any CPU.Build.0 = Release|Any CPU
		{3191137C-A607-4AF3-B0BC-85D9AD64D2E6}.Debug|Any CPU.ActiveCfg = Debug|Any CPU
		{3191137C-A607-4AF3-B0BC-85D9AD64D2E6}.Debug|Any CPU.Build.0 = Debug|Any CPU
		{3191137C-A607-4AF3-B0BC-85D9AD64D2E6}.Release|Any CPU.ActiveCfg = Release|Any CPU
		{3191137C-A607-4AF3-B0BC-85D9AD64D2E6}.Release|Any CPU.Build.0 = Release|Any CPU
		{9CAD99BE-F8DE-4CCC-8FB0-57459007227A}.Debug|Any CPU.ActiveCfg = Debug|Any CPU
		{9CAD99BE-F8DE-4CCC-8FB0-57459007227A}.Debug|Any CPU.Build.0 = Debug|Any CPU
		{9CAD99BE-F8DE-4CCC-8FB0-57459007227A}.Release|Any CPU.ActiveCfg = Release|Any CPU
		{9CAD99BE-F8DE-4CCC-8FB0-57459007227A}.Release|Any CPU.Build.0 = Release|Any CPU
	EndGlobalSection
	GlobalSection(SolutionProperties) = preSolution
		HideSolutionNode = FALSE
	EndGlobalSection
	GlobalSection(ExtensibilityGlobals) = postSolution
		SolutionGuid = {A42F25AE-2A17-436F-806C-FE5A35B05A42}
	EndGlobalSection
EndGlobal
